{
  "name": "aurora-engine-deposit-contract",
  "version": "1.0.0",
  "lockfileVersion": 3,
  "requires": true,
  "packages": {
    "": {
      "name": "aurora-engine-deposit-contract",
      "version": "1.0.0",
      "dependencies": {
        "@auroraisnear/aurora-sdk": "^0.0.1",
        "@openzeppelin/contracts": "^4.8.1"
      }
    },
    "node_modules/@auroraisnear/aurora-sdk": {
      "version": "0.0.1",
      "resolved": "https://registry.npmjs.org/@auroraisnear/aurora-sdk/-/aurora-sdk-0.0.1.tgz",
      "integrity": "sha512-lfRh80keYyeBg8Zq9nAzhAJ+CD9p35qvlfT5ERAXkm9ZITlGceJh6L90H/W73ubnI4n3MqHlxvrsEzZlGPACIA==",
      "license": "ISC",
      "dependencies": {
        "@openzeppelin/contracts": "^4.8.2"
      }
    },
    "node_modules/@openzeppelin/contracts": {
      "version": "4.9.6",
      "resolved": "https://registry.npmjs.org/@openzeppelin/contracts/-/contracts-4.9.6.tgz",
      "integrity": "sha512-xSmezSupL+y9VkHZJGDoCBpmnB2ogM13ccaYDWqJTfS3dbuHkgjuwDFUmaFauBCboQMGB/S5UqUl2y54X99BmA==",
      "license": "MIT"
    }
  }
}
